
Microsoft Visual Studio Solution File, Format Version 12.00
# Visual Studio Version 16
VisualStudioVersion = 16.0.30914.41
MinimumVisualStudioVersion = 10.0.40219.1
Project("{FAE04EC0-301F-11D3-BF4B-00C04F79EFBC}") = "DJIDrone", "DJIDrone\DJIDrone.csproj", "{6782FB78-76ED-468D-B7F6-DEB978FE3E61}"
EndProject
Project("{8BC9CEB8-8B4A-11D0-8D11-00A0C91BC942}") = "DJIVideoParser", "..\SDK\Windows-SDK-master\Sample Code\DJIVideoParser\DJIVideoParser.vcxproj", "{5F8B4A30-B8D1-46B5-BE32-AEE3C899E3BF}"
EndProject
Project("{9092AA53-FB77-4645-B42D-1CCCA6BD08BD}") = "DJISite", "..\DJISite\DJISite\DJISite.njsproj", "{ED0FC417-3549-4131-991F-18667DE9B72C}"
EndProject
Project("{FAE04EC0-301F-11D3-BF4B-00C04F79EFBC}") = "Joystick_slimDX", "..\Joystick_SlimDX_v2\Joystick_slimDX.csproj", "{BEFCAF70-0230-4929-9317-432CA8428269}"
EndProject
Global
	GlobalSection(SolutionConfigurationPlatforms) = preSolution
		Debug|Any CPU = Debug|Any CPU
		Debug|ARM = Debug|ARM
		Debug|ARM64 = Debug|ARM64
		Debug|x64 = Debug|x64
		Debug|x86 = Debug|x86
		Debug-4.0|Any CPU = Debug-4.0|Any CPU
		Debug-4.0|ARM = Debug-4.0|ARM
		Debug-4.0|ARM64 = Debug-4.0|ARM64
		Debug-4.0|x64 = Debug-4.0|x64
		Debug-4.0|x86 = Debug-4.0|x86
		Public-4.0|Any CPU = Public-4.0|Any CPU
		Public-4.0|ARM = Public-4.0|ARM
		Public-4.0|ARM64 = Public-4.0|ARM64
		Public-4.0|x64 = Public-4.0|x64
		Public-4.0|x86 = Public-4.0|x86
		Release|Any CPU = Release|Any CPU
		Release|ARM = Release|ARM
		Release|ARM64 = Release|ARM64
		Release|x64 = Release|x64
		Release|x86 = Release|x86
		Release-4.0|Any CPU = Release-4.0|Any CPU
		Release-4.0|ARM = Release-4.0|ARM
		Release-4.0|ARM64 = Release-4.0|ARM64
		Release-4.0|x64 = Release-4.0|x64
		Release-4.0|x86 = Release-4.0|x86
	EndGlobalSection
	GlobalSection(ProjectConfigurationPlatforms) = postSolution
		{6782FB78-76ED-468D-B7F6-DEB978FE3E61}.Debug|Any CPU.ActiveCfg = Debug|x86
		{6782FB78-76ED-468D-B7F6-DEB978FE3E61}.Debug|ARM.ActiveCfg = Debug|ARM
		{6782FB78-76ED-468D-B7F6-DEB978FE3E61}.Debug|ARM.Build.0 = Debug|ARM
		{6782FB78-76ED-468D-B7F6-DEB978FE3E61}.Debug|ARM.Deploy.0 = Debug|ARM
		{6782FB78-76ED-468D-B7F6-DEB978FE3E61}.Debug|ARM64.ActiveCfg = Debug|ARM64
		{6782FB78-76ED-468D-B7F6-DEB978FE3E61}.Debug|ARM64.Build.0 = Debug|ARM64
		{6782FB78-76ED-468D-B7F6-DEB978FE3E61}.Debug|ARM64.Deploy.0 = Debug|ARM64
		{6782FB78-76ED-468D-B7F6-DEB978FE3E61}.Debug|x64.ActiveCfg = Debug|x64
		{6782FB78-76ED-468D-B7F6-DEB978FE3E61}.Debug|x64.Build.0 = Debug|x64
		{6782FB78-76ED-468D-B7F6-DEB978FE3E61}.Debug|x64.Deploy.0 = Debug|x64
		{6782FB78-76ED-468D-B7F6-DEB978FE3E61}.Debug|x86.ActiveCfg = Debug|x86
		{6782FB78-76ED-468D-B7F6-DEB978FE3E61}.Debug|x86.Build.0 = Debug|x86
		{6782FB78-76ED-468D-B7F6-DEB978FE3E61}.Debug|x86.Deploy.0 = Debug|x86
		{6782FB78-76ED-468D-B7F6-DEB978FE3E61}.Debug-4.0|Any CPU.ActiveCfg = Release|x64
		{6782FB78-76ED-468D-B7F6-DEB978FE3E61}.Debug-4.0|Any CPU.Build.0 = Release|x64
		{6782FB78-76ED-468D-B7F6-DEB978FE3E61}.Debug-4.0|Any CPU.Deploy.0 = Release|x64
		{6782FB78-76ED-468D-B7F6-DEB978FE3E61}.Debug-4.0|ARM.ActiveCfg = Debug|ARM
		{6782FB78-76ED-468D-B7F6-DEB978FE3E61}.Debug-4.0|ARM.Build.0 = Debug|ARM
		{6782FB78-76ED-468D-B7F6-DEB978FE3E61}.Debug-4.0|ARM.Deploy.0 = Debug|ARM
		{6782FB78-76ED-468D-B7F6-DEB978FE3E61}.Debug-4.0|ARM64.ActiveCfg = Debug|ARM64
		{6782FB78-76ED-468D-B7F6-DEB978FE3E61}.Debug-4.0|ARM64.Build.0 = Debug|ARM64
		{6782FB78-76ED-468D-B7F6-DEB978FE3E61}.Debug-4.0|ARM64.Deploy.0 = Debug|ARM64
		{6782FB78-76ED-468D-B7F6-DEB978FE3E61}.Debug-4.0|x64.ActiveCfg = Debug|x64
		{6782FB78-76ED-468D-B7F6-DEB978FE3E61}.Debug-4.0|x64.Build.0 = Debug|x64
		{6782FB78-76ED-468D-B7F6-DEB978FE3E61}.Debug-4.0|x64.Deploy.0 = Debug|x64
		{6782FB78-76ED-468D-B7F6-DEB978FE3E61}.Debug-4.0|x86.ActiveCfg = Debug|x86
		{6782FB78-76ED-468D-B7F6-DEB978FE3E61}.Debug-4.0|x86.Build.0 = Debug|x86
		{6782FB78-76ED-468D-B7F6-DEB978FE3E61}.Debug-4.0|x86.Deploy.0 = Debug|x86
		{6782FB78-76ED-468D-B7F6-DEB978FE3E61}.Public-4.0|Any CPU.ActiveCfg = Release|x64
		{6782FB78-76ED-468D-B7F6-DEB978FE3E61}.Public-4.0|Any CPU.Build.0 = Release|x64
		{6782FB78-76ED-468D-B7F6-DEB978FE3E61}.Public-4.0|Any CPU.Deploy.0 = Release|x64
		{6782FB78-76ED-468D-B7F6-DEB978FE3E61}.Public-4.0|ARM.ActiveCfg = Release|ARM
		{6782FB78-76ED-468D-B7F6-DEB978FE3E61}.Public-4.0|ARM.Build.0 = Release|ARM
		{6782FB78-76ED-468D-B7F6-DEB978FE3E61}.Public-4.0|ARM.Deploy.0 = Release|ARM
		{6782FB78-76ED-468D-B7F6-DEB978FE3E61}.Public-4.0|ARM64.ActiveCfg = Release|ARM64
		{6782FB78-76ED-468D-B7F6-DEB978FE3E61}.Public-4.0|ARM64.Build.0 = Release|ARM64
		{6782FB78-76ED-468D-B7F6-DEB978FE3E61}.Public-4.0|ARM64.Deploy.0 = Release|ARM64
		{6782FB78-76ED-468D-B7F6-DEB978FE3E61}.Public-4.0|x64.ActiveCfg = Release|x64
		{6782FB78-76ED-468D-B7F6-DEB978FE3E61}.Public-4.0|x64.Build.0 = Release|x64
		{6782FB78-76ED-468D-B7F6-DEB978FE3E61}.Public-4.0|x64.Deploy.0 = Release|x64
		{6782FB78-76ED-468D-B7F6-DEB978FE3E61}.Public-4.0|x86.ActiveCfg = Release|x86
		{6782FB78-76ED-468D-B7F6-DEB978FE3E61}.Public-4.0|x86.Build.0 = Release|x86
		{6782FB78-76ED-468D-B7F6-DEB978FE3E61}.Public-4.0|x86.Deploy.0 = Release|x86
		{6782FB78-76ED-468D-B7F6-DEB978FE3E61}.Release|Any CPU.ActiveCfg = Release|x86
		{6782FB78-76ED-468D-B7F6-DEB978FE3E61}.Release|ARM.ActiveCfg = Release|ARM
		{6782FB78-76ED-468D-B7F6-DEB978FE3E61}.Release|ARM.Build.0 = Release|ARM
		{6782FB78-76ED-468D-B7F6-DEB978FE3E61}.Release|ARM.Deploy.0 = Release|ARM
		{6782FB78-76ED-468D-B7F6-DEB978FE3E61}.Release|ARM64.ActiveCfg = Release|ARM64
		{6782FB78-76ED-468D-B7F6-DEB978FE3E61}.Release|ARM64.Build.0 = Release|ARM64
		{6782FB78-76ED-468D-B7F6-DEB978FE3E61}.Release|ARM64.Deploy.0 = Release|ARM64
		{6782FB78-76ED-468D-B7F6-DEB978FE3E61}.Release|x64.ActiveCfg = Release|x64
		{6782FB78-76ED-468D-B7F6-DEB978FE3E61}.Release|x64.Build.0 = Release|x64
		{6782FB78-76ED-468D-B7F6-DEB978FE3E61}.Release|x64.Deploy.0 = Release|x64
		{6782FB78-76ED-468D-B7F6-DEB978FE3E61}.Release|x86.ActiveCfg = Release|x86
		{6782FB78-76ED-468D-B7F6-DEB978FE3E61}.Release|x86.Build.0 = Release|x86
		{6782FB78-76ED-468D-B7F6-DEB978FE3E61}.Release|x86.Deploy.0 = Release|x86
		{6782FB78-76ED-468D-B7F6-DEB978FE3E61}.Release-4.0|Any CPU.ActiveCfg = Release|x64
		{6782FB78-76ED-468D-B7F6-DEB978FE3E61}.Release-4.0|Any CPU.Build.0 = Release|x64
		{6782FB78-76ED-468D-B7F6-DEB978FE3E61}.Release-4.0|Any CPU.Deploy.0 = Release|x64
		{6782FB78-76ED-468D-B7F6-DEB978FE3E61}.Release-4.0|ARM.ActiveCfg = Release|ARM
		{6782FB78-76ED-468D-B7F6-DEB978FE3E61}.Release-4.0|ARM.Build.0 = Release|ARM
		{6782FB78-76ED-468D-B7F6-DEB978FE3E61}.Release-4.0|ARM.Deploy.0 = Release|ARM
		{6782FB78-76ED-468D-B7F6-DEB978FE3E61}.Release-4.0|ARM64.ActiveCfg = Release|ARM64
		{6782FB78-76ED-468D-B7F6-DEB978FE3E61}.Release-4.0|ARM64.Build.0 = Release|ARM64
		{6782FB78-76ED-468D-B7F6-DEB978FE3E61}.Release-4.0|ARM64.Deploy.0 = Release|ARM64
		{6782FB78-76ED-468D-B7F6-DEB978FE3E61}.Release-4.0|x64.ActiveCfg = Release|x64
		{6782FB78-76ED-468D-B7F6-DEB978FE3E61}.Release-4.0|x64.Build.0 = Release|x64
		{6782FB78-76ED-468D-B7F6-DEB978FE3E61}.Release-4.0|x64.Deploy.0 = Release|x64
		{6782FB78-76ED-468D-B7F6-DEB978FE3E61}.Release-4.0|x86.ActiveCfg = Release|x86
		{6782FB78-76ED-468D-B7F6-DEB978FE3E61}.Release-4.0|x86.Build.0 = Release|x86
		{6782FB78-76ED-468D-B7F6-DEB978FE3E61}.Release-4.0|x86.Deploy.0 = Release|x86
		{5F8B4A30-B8D1-46B5-BE32-AEE3C899E3BF}.Debug|Any CPU.ActiveCfg = Debug|Win32
		{5F8B4A30-B8D1-46B5-BE32-AEE3C899E3BF}.Debug|ARM.ActiveCfg = Debug|ARM
		{5F8B4A30-B8D1-46B5-BE32-AEE3C899E3BF}.Debug|ARM.Build.0 = Debug|ARM
		{5F8B4A30-B8D1-46B5-BE32-AEE3C899E3BF}.Debug|ARM64.ActiveCfg = Debug|Win32
		{5F8B4A30-B8D1-46B5-BE32-AEE3C899E3BF}.Debug|x64.ActiveCfg = Debug|x64
		{5F8B4A30-B8D1-46B5-BE32-AEE3C899E3BF}.Debug|x64.Build.0 = Debug|x64
		{5F8B4A30-B8D1-46B5-BE32-AEE3C899E3BF}.Debug|x86.ActiveCfg = Debug|Win32
		{5F8B4A30-B8D1-46B5-BE32-AEE3C899E3BF}.Debug|x86.Build.0 = Debug|Win32
		{5F8B4A30-B8D1-46B5-BE32-AEE3C899E3BF}.Debug-4.0|Any CPU.ActiveCfg = Release|x64
		{5F8B4A30-B8D1-46B5-BE32-AEE3C899E3BF}.Debug-4.0|Any CPU.Build.0 = Release|x64
		{5F8B4A30-B8D1-46B5-BE32-AEE3C899E3BF}.Debug-4.0|ARM.ActiveCfg = Debug|ARM
		{5F8B4A30-B8D1-46B5-BE32-AEE3C899E3BF}.Debug-4.0|ARM.Build.0 = Debug|ARM
		{5F8B4A30-B8D1-46B5-BE32-AEE3C899E3BF}.Debug-4.0|ARM64.ActiveCfg = Release|x64
		{5F8B4A30-B8D1-46B5-BE32-AEE3C899E3BF}.Debug-4.0|ARM64.Build.0 = Release|x64
		{5F8B4A30-B8D1-46B5-BE32-AEE3C899E3BF}.Debug-4.0|x64.ActiveCfg = Debug|x64
		{5F8B4A30-B8D1-46B5-BE32-AEE3C899E3BF}.Debug-4.0|x64.Build.0 = Debug|x64
		{5F8B4A30-B8D1-46B5-BE32-AEE3C899E3BF}.Debug-4.0|x86.ActiveCfg = Debug|Win32
		{5F8B4A30-B8D1-46B5-BE32-AEE3C899E3BF}.Debug-4.0|x86.Build.0 = Debug|Win32
		{5F8B4A30-B8D1-46B5-BE32-AEE3C899E3BF}.Public-4.0|Any CPU.ActiveCfg = Release|x64
		{5F8B4A30-B8D1-46B5-BE32-AEE3C899E3BF}.Public-4.0|Any CPU.Build.0 = Release|x64
		{5F8B4A30-B8D1-46B5-BE32-AEE3C899E3BF}.Public-4.0|ARM.ActiveCfg = Release|ARM
		{5F8B4A30-B8D1-46B5-BE32-AEE3C899E3BF}.Public-4.0|ARM.Build.0 = Release|ARM
		{5F8B4A30-B8D1-46B5-BE32-AEE3C899E3BF}.Public-4.0|ARM64.ActiveCfg = Release|x64
		{5F8B4A30-B8D1-46B5-BE32-AEE3C899E3BF}.Public-4.0|ARM64.Build.0 = Release|x64
		{5F8B4A30-B8D1-46B5-BE32-AEE3C899E3BF}.Public-4.0|x64.ActiveCfg = Release|x64
		{5F8B4A30-B8D1-46B5-BE32-AEE3C899E3BF}.Public-4.0|x64.Build.0 = Release|x64
		{5F8B4A30-B8D1-46B5-BE32-AEE3C899E3BF}.Public-4.0|x86.ActiveCfg = Release|Win32
		{5F8B4A30-B8D1-46B5-BE32-AEE3C899E3BF}.Public-4.0|x86.Build.0 = Release|Win32
		{5F8B4A30-B8D1-46B5-BE32-AEE3C899E3BF}.Release|Any CPU.ActiveCfg = Release|Win32
		{5F8B4A30-B8D1-46B5-BE32-AEE3C899E3BF}.Release|ARM.ActiveCfg = Release|ARM
		{5F8B4A30-B8D1-46B5-BE32-AEE3C899E3BF}.Release|ARM.Build.0 = Release|ARM
		{5F8B4A30-B8D1-46B5-BE32-AEE3C899E3BF}.Release|ARM64.ActiveCfg = Release|Win32
		{5F8B4A30-B8D1-46B5-BE32-AEE3C899E3BF}.Release|x64.ActiveCfg = Release|x64
		{5F8B4A30-B8D1-46B5-BE32-AEE3C899E3BF}.Release|x64.Build.0 = Release|x64
		{5F8B4A30-B8D1-46B5-BE32-AEE3C899E3BF}.Release|x86.ActiveCfg = Release|Win32
		{5F8B4A30-B8D1-46B5-BE32-AEE3C899E3BF}.Release|x86.Build.0 = Release|Win32
		{5F8B4A30-B8D1-46B5-BE32-AEE3C899E3BF}.Release-4.0|Any CPU.ActiveCfg = Release|x64
		{5F8B4A30-B8D1-46B5-BE32-AEE3C899E3BF}.Release-4.0|Any CPU.Build.0 = Release|x64
		{5F8B4A30-B8D1-46B5-BE32-AEE3C899E3BF}.Release-4.0|ARM.ActiveCfg = Release|ARM
		{5F8B4A30-B8D1-46B5-BE32-AEE3C899E3BF}.Release-4.0|ARM.Build.0 = Release|ARM
		{5F8B4A30-B8D1-46B5-BE32-AEE3C899E3BF}.Release-4.0|ARM64.ActiveCfg = Release|x64
		{5F8B4A30-B8D1-46B5-BE32-AEE3C899E3BF}.Release-4.0|ARM64.Build.0 = Release|x64
		{5F8B4A30-B8D1-46B5-BE32-AEE3C899E3BF}.Release-4.0|x64.ActiveCfg = Release|x64
		{5F8B4A30-B8D1-46B5-BE32-AEE3C899E3BF}.Release-4.0|x64.Build.0 = Release|x64
		{5F8B4A30-B8D1-46B5-BE32-AEE3C899E3BF}.Release-4.0|x86.ActiveCfg = Release|Win32
		{5F8B4A30-B8D1-46B5-BE32-AEE3C899E3BF}.Release-4.0|x86.Build.0 = Release|Win32
		{ED0FC417-3549-4131-991F-18667DE9B72C}.Debug|Any CPU.ActiveCfg = Debug|Any CPU
		{ED0FC417-3549-4131-991F-18667DE9B72C}.Debug|Any CPU.Build.0 = Debug|Any CPU
		{ED0FC417-3549-4131-991F-18667DE9B72C}.Debug|ARM.ActiveCfg = Debug|Any CPU
		{ED0FC417-3549-4131-991F-18667DE9B72C}.Debug|ARM.Build.0 = Debug|Any CPU
		{ED0FC417-3549-4131-991F-18667DE9B72C}.Debug|ARM64.ActiveCfg = Debug|Any CPU
		{ED0FC417-3549-4131-991F-18667DE9B72C}.Debug|ARM64.Build.0 = Debug|Any CPU
		{ED0FC417-3549-4131-991F-18667DE9B72C}.Debug|x64.ActiveCfg = Debug|Any CPU
		{ED0FC417-3549-4131-991F-18667DE9B72C}.Debug|x64.Build.0 = Debug|Any CPU
		{ED0FC417-3549-4131-991F-18667DE9B72C}.Debug|x86.ActiveCfg = Debug|Any CPU
		{ED0FC417-3549-4131-991F-18667DE9B72C}.Debug|x86.Build.0 = Debug|Any CPU
		{ED0FC417-3549-4131-991F-18667DE9B72C}.Debug-4.0|Any CPU.ActiveCfg = Debug|Any CPU
		{ED0FC417-3549-4131-991F-18667DE9B72C}.Debug-4.0|Any CPU.Build.0 = Debug|Any CPU
		{ED0FC417-3549-4131-991F-18667DE9B72C}.Debug-4.0|ARM.ActiveCfg = Debug|Any CPU
		{ED0FC417-3549-4131-991F-18667DE9B72C}.Debug-4.0|ARM.Build.0 = Debug|Any CPU
		{ED0FC417-3549-4131-991F-18667DE9B72C}.Debug-4.0|ARM64.ActiveCfg = Debug|Any CPU
		{ED0FC417-3549-4131-991F-18667DE9B72C}.Debug-4.0|ARM64.Build.0 = Debug|Any CPU
		{ED0FC417-3549-4131-991F-18667DE9B72C}.Debug-4.0|x64.ActiveCfg = Debug|Any CPU
		{ED0FC417-3549-4131-991F-18667DE9B72C}.Debug-4.0|x64.Build.0 = Debug|Any CPU
		{ED0FC417-3549-4131-991F-18667DE9B72C}.Debug-4.0|x86.ActiveCfg = Debug|Any CPU
		{ED0FC417-3549-4131-991F-18667DE9B72C}.Debug-4.0|x86.Build.0 = Debug|Any CPU
		{ED0FC417-3549-4131-991F-18667DE9B72C}.Public-4.0|Any CPU.ActiveCfg = Release|Any CPU
		{ED0FC417-3549-4131-991F-18667DE9B72C}.Public-4.0|Any CPU.Build.0 = Release|Any CPU
		{ED0FC417-3549-4131-991F-18667DE9B72C}.Public-4.0|ARM.ActiveCfg = Release|Any CPU
		{ED0FC417-3549-4131-991F-18667DE9B72C}.Public-4.0|ARM.Build.0 = Release|Any CPU
		{ED0FC417-3549-4131-991F-18667DE9B72C}.Public-4.0|ARM64.ActiveCfg = Release|Any CPU
		{ED0FC417-3549-4131-991F-18667DE9B72C}.Public-4.0|ARM64.Build.0 = Release|Any CPU
		{ED0FC417-3549-4131-991F-18667DE9B72C}.Public-4.0|x64.ActiveCfg = Release|Any CPU
		{ED0FC417-3549-4131-991F-18667DE9B72C}.Public-4.0|x64.Build.0 = Release|Any CPU
		{ED0FC417-3549-4131-991F-18667DE9B72C}.Public-4.0|x86.ActiveCfg = Release|Any CPU
		{ED0FC417-3549-4131-991F-18667DE9B72C}.Public-4.0|x86.Build.0 = Release|Any CPU
		{ED0FC417-3549-4131-991F-18667DE9B72C}.Release|Any CPU.ActiveCfg = Release|Any CPU
		{ED0FC417-3549-4131-991F-18667DE9B72C}.Release|Any CPU.Build.0 = Release|Any CPU
		{ED0FC417-3549-4131-991F-18667DE9B72C}.Release|ARM.ActiveCfg = Release|Any CPU
		{ED0FC417-3549-4131-991F-18667DE9B72C}.Release|ARM.Build.0 = Release|Any CPU
		{ED0FC417-3549-4131-991F-18667DE9B72C}.Release|ARM64.ActiveCfg = Release|Any CPU
		{ED0FC417-3549-4131-991F-18667DE9B72C}.Release|ARM64.Build.0 = Release|Any CPU
		{ED0FC417-3549-4131-991F-18667DE9B72C}.Release|x64.ActiveCfg = Release|Any CPU
		{ED0FC417-3549-4131-991F-18667DE9B72C}.Release|x64.Build.0 = Release|Any CPU
		{ED0FC417-3549-4131-991F-18667DE9B72C}.Release|x86.ActiveCfg = Release|Any CPU
		{ED0FC417-3549-4131-991F-18667DE9B72C}.Release|x86.Build.0 = Release|Any CPU
		{ED0FC417-3549-4131-991F-18667DE9B72C}.Release-4.0|Any CPU.ActiveCfg = Release|Any CPU
		{ED0FC417-3549-4131-991F-18667DE9B72C}.Release-4.0|Any CPU.Build.0 = Release|Any CPU
		{ED0FC417-3549-4131-991F-18667DE9B72C}.Release-4.0|ARM.ActiveCfg = Release|Any CPU
		{ED0FC417-3549-4131-991F-18667DE9B72C}.Release-4.0|ARM.Build.0 = Release|Any CPU
		{ED0FC417-3549-4131-991F-18667DE9B72C}.Release-4.0|ARM64.ActiveCfg = Release|Any CPU
		{ED0FC417-3549-4131-991F-18667DE9B72C}.Release-4.0|ARM64.Build.0 = Release|Any CPU
		{ED0FC417-3549-4131-991F-18667DE9B72C}.Release-4.0|x64.ActiveCfg = Release|Any CPU
		{ED0FC417-3549-4131-991F-18667DE9B72C}.Release-4.0|x64.Build.0 = Release|Any CPU
		{ED0FC417-3549-4131-991F-18667DE9B72C}.Release-4.0|x86.ActiveCfg = Release|Any CPU
		{ED0FC417-3549-4131-991F-18667DE9B72C}.Release-4.0|x86.Build.0 = Release|Any CPU
		{BEFCAF70-0230-4929-9317-432CA8428269}.Debug|Any CPU.ActiveCfg = Debug|Any CPU
		{BEFCAF70-0230-4929-9317-432CA8428269}.Debug|Any CPU.Build.0 = Debug|Any CPU
		{BEFCAF70-0230-4929-9317-432CA8428269}.Debug|ARM.ActiveCfg = Debug|Any CPU
		{BEFCAF70-0230-4929-9317-432CA8428269}.Debug|ARM.Build.0 = Debug|Any CPU
		{BEFCAF70-0230-4929-9317-432CA8428269}.Debug|ARM64.ActiveCfg = Debug|Any CPU
		{BEFCAF70-0230-4929-9317-432CA8428269}.Debug|ARM64.Build.0 = Debug|Any CPU
		{BEFCAF70-0230-4929-9317-432CA8428269}.Debug|x64.ActiveCfg = Debug|x64
		{BEFCAF70-0230-4929-9317-432CA8428269}.Debug|x64.Build.0 = Debug|x64
		{BEFCAF70-0230-4929-9317-432CA8428269}.Debug|x86.ActiveCfg = Debug|x86
		{BEFCAF70-0230-4929-9317-432CA8428269}.Debug|x86.Build.0 = Debug|x86
		{BEFCAF70-0230-4929-9317-432CA8428269}.Debug-4.0|Any CPU.ActiveCfg = Debug-4.0|Any CPU
		{BEFCAF70-0230-4929-9317-432CA8428269}.Debug-4.0|Any CPU.Build.0 = Debug-4.0|Any CPU
		{BEFCAF70-0230-4929-9317-432CA8428269}.Debug-4.0|ARM.ActiveCfg = Debug-4.0|Any CPU
		{BEFCAF70-0230-4929-9317-432CA8428269}.Debug-4.0|ARM.Build.0 = Debug-4.0|Any CPU
		{BEFCAF70-0230-4929-9317-432CA8428269}.Debug-4.0|ARM64.ActiveCfg = Debug-4.0|Any CPU
		{BEFCAF70-0230-4929-9317-432CA8428269}.Debug-4.0|ARM64.Build.0 = Debug-4.0|Any CPU
		{BEFCAF70-0230-4929-9317-432CA8428269}.Debug-4.0|x64.ActiveCfg = Debug-4.0|x64
		{BEFCAF70-0230-4929-9317-432CA8428269}.Debug-4.0|x64.Build.0 = Debug-4.0|x64
		{BEFCAF70-0230-4929-9317-432CA8428269}.Debug-4.0|x86.ActiveCfg = Debug-4.0|x86
		{BEFCAF70-0230-4929-9317-432CA8428269}.Debug-4.0|x86.Build.0 = Debug-4.0|x86
		{BEFCAF70-0230-4929-9317-432CA8428269}.Public-4.0|Any CPU.ActiveCfg = Public-4.0|Any CPU
		{BEFCAF70-0230-4929-9317-432CA8428269}.Public-4.0|Any CPU.Build.0 = Public-4.0|Any CPU
		{BEFCAF70-0230-4929-9317-432CA8428269}.Public-4.0|ARM.ActiveCfg = Public-4.0|Any CPU
		{BEFCAF70-0230-4929-9317-432CA8428269}.Public-4.0|ARM.Build.0 = Public-4.0|Any CPU
		{BEFCAF70-0230-4929-9317-432CA8428269}.Public-4.0|ARM64.ActiveCfg = Public-4.0|Any CPU
		{BEFCAF70-0230-4929-9317-432CA8428269}.Public-4.0|ARM64.Build.0 = Public-4.0|Any CPU
		{BEFCAF70-0230-4929-9317-432CA8428269}.Public-4.0|x64.ActiveCfg = Public-4.0|x64
		{BEFCAF70-0230-4929-9317-432CA8428269}.Public-4.0|x64.Build.0 = Public-4.0|x64
		{BEFCAF70-0230-4929-9317-432CA8428269}.Public-4.0|x86.ActiveCfg = Public-4.0|x86
		{BEFCAF70-0230-4929-9317-432CA8428269}.Public-4.0|x86.Build.0 = Public-4.0|x86
		{BEFCAF70-0230-4929-9317-432CA8428269}.Release|Any CPU.ActiveCfg = Release|Any CPU
		{BEFCAF70-0230-4929-9317-432CA8428269}.Release|Any CPU.Build.0 = Release|Any CPU
		{BEFCAF70-0230-4929-9317-432CA8428269}.Release|ARM.ActiveCfg = Release|Any CPU
		{BEFCAF70-0230-4929-9317-432CA8428269}.Release|ARM.Build.0 = Release|Any CPU
		{BEFCAF70-0230-4929-9317-432CA8428269}.Release|ARM64.ActiveCfg = Release|Any CPU
		{BEFCAF70-0230-4929-9317-432CA8428269}.Release|ARM64.Build.0 = Release|Any CPU
		{BEFCAF70-0230-4929-9317-432CA8428269}.Release|x64.ActiveCfg = Release|x64
		{BEFCAF70-0230-4929-9317-432CA8428269}.Release|x64.Build.0 = Release|x64
		{BEFCAF70-0230-4929-9317-432CA8428269}.Release|x86.ActiveCfg = Release|x86
		{BEFCAF70-0230-4929-9317-432CA8428269}.Release|x86.Build.0 = Release|x86
		{BEFCAF70-0230-4929-9317-432CA8428269}.Release-4.0|Any CPU.ActiveCfg = Release-4.0|Any CPU
		{BEFCAF70-0230-4929-9317-432CA8428269}.Release-4.0|Any CPU.Build.0 = Release-4.0|Any CPU
		{BEFCAF70-0230-4929-9317-432CA8428269}.Release-4.0|ARM.ActiveCfg = Release-4.0|Any CPU
		{BEFCAF70-0230-4929-9317-432CA8428269}.Release-4.0|ARM.Build.0 = Release-4.0|Any CPU
		{BEFCAF70-0230-4929-9317-432CA8428269}.Release-4.0|ARM64.ActiveCfg = Release-4.0|Any CPU
		{BEFCAF70-0230-4929-9317-432CA8428269}.Release-4.0|ARM64.Build.0 = Release-4.0|Any CPU
		{BEFCAF70-0230-4929-9317-432CA8428269}.Release-4.0|x64.ActiveCfg = Release-4.0|x64
		{BEFCAF70-0230-4929-9317-432CA8428269}.Release-4.0|x64.Build.0 = Release-4.0|x64
		{BEFCAF70-0230-4929-9317-432CA8428269}.Release-4.0|x86.ActiveCfg = Release-4.0|x86
		{BEFCAF70-0230-4929-9317-432CA8428269}.Release-4.0|x86.Build.0 = Release-4.0|x86
	EndGlobalSection
	GlobalSection(SolutionProperties) = preSolution
		HideSolutionNode = FALSE
	EndGlobalSection
	GlobalSection(ExtensibilityGlobals) = postSolution
		SolutionGuid = {4578ABFF-0221-474F-9BDE-1783BA752DCD}
	EndGlobalSection
EndGlobal
